<?xml version="1.0" encoding="utf-8"?>
<Project ToolsVersion="4.0" xmlns="http://schemas.microsoft.com/developer/msbuild/2003">
  <ItemGroup>
    <ClCompile Include="Box.cpp" />
    <ClCompile Include="Card.cpp" />
    <ClCompile Include="Game.cpp" />
    <ClCompile Include="GameScene.cpp" />
    <ClCompile Include="GameState.cpp" />
    <ClCompile Include="HydraulicPress.cpp" />
    <ClCompile Include="InstructionsState.cpp" />
    <ClCompile Include="Lever.cpp" />
    <ClCompile Include="main.cpp" />
    <ClCompile Include="MenuState.cpp" />
    <ClCompile Include="Obstacle.cpp" />
    <ClCompile Include="Player.cpp" />
    <ClCompile Include="Scene.cpp" />
    <ClCompile Include="SceneManager.cpp" />
    <ClCompile Include="SceneState.cpp" />
    <ClCompile Include="Shader.cpp" />
    <ClCompile Include="ShaderProgram.cpp" />
    <ClCompile Include="Wall.cpp" />
    <ClCompile Include="Sprite.cpp" />
    <ClCompile Include="StateManager.cpp" />
    <ClCompile Include="Text.cpp" />
    <ClCompile Include="TextBlock.cpp" />
    <ClCompile Include="Texture.cpp" />
    <ClCompile Include="TexturedQuad.cpp" />
    <ClCompile Include="TileMap.cpp" />
    <ClCompile Include="CreditsState.cpp" />
    <ClCompile Include="Transporter.cpp" />
    <ClCompile Include="Spike.cpp" />
    <ClCompile Include="ParticleGenerator.cpp" />
  </ItemGroup>
  <ItemGroup>
    <ClInclude Include="AnimKeyframes.h" />
    <ClInclude Include="Box.h" />
    <ClInclude Include="Card.h" />
    <ClInclude Include="Game.h" />
    <ClInclude Include="GameScene.h" />
    <ClInclude Include="GameState.h" />
    <ClInclude Include="HydraulicPress.h" />
    <ClInclude Include="InstructionsState.h" />
    <ClInclude Include="Lever.h" />
    <ClInclude Include="MenuState.h" />
    <ClInclude Include="Obstacle.h" />
    <ClInclude Include="Player.h" />
    <ClInclude Include="Scene.h" />
    <ClInclude Include="SceneManager.h" />
    <ClInclude Include="SceneState.h" />
    <ClInclude Include="Shader.h" />
    <ClInclude Include="ShaderProgram.h" />
    <ClInclude Include="Sprite.h" />
    <ClInclude Include="StateManager.h" />
    <ClInclude Include="Text.h" />
    <ClInclude Include="TextBlock.h" />
    <ClInclude Include="Texture.h" />
    <ClInclude Include="TexturedQuad.h" />
    <ClInclude Include="TileMap.h" />
    <ClInclude Include="Wall.h" />
    <ClInclude Include="CreditsState.h" />
    <ClInclude Include="Transporter.h" />
    <ClInclude Include="Spike.h" />
    <ClInclude Include="ParticleGenerator.h" />
  </ItemGroup>
</Project>